
Microsoft Visual Studio Solution File, Format Version 12.00
# Visual Studio Version 17
VisualStudioVersion = 17.6.33801.468
MinimumVisualStudioVersion = 10.0.40219.1
Project("{FAE04EC0-301F-11D3-BF4B-00C04F79EFBC}") = "Distance_finder", "Distance_finder\Distance_finder.csproj", "{E7E01B63-48E4-4145-8595-6951371A2E83}"
EndProject
Global
	GlobalSection(SolutionConfigurationPlatforms) = preSolution
		Debug|Any CPU = Debug|Any CPU
		Release|Any CPU = Release|Any CPU
	EndGlobalSection
	GlobalSection(ProjectConfigurationPlatforms) = postSolution
		{E7E01B63-48E4-4145-8595-6951371A2E83}.Debug|Any CPU.ActiveCfg = Debug|Any CPU
		{E7E01B63-48E4-4145-8595-6951371A2E83}.Debug|Any CPU.Build.0 = Debug|Any CPU
		{E7E01B63-48E4-4145-8595-6951371A2E83}.Release|Any CPU.ActiveCfg = Release|Any CPU
		{E7E01B63-48E4-4145-8595-6951371A2E83}.Release|Any CPU.Build.0 = Release|Any CPU
	EndGlobalSection
	GlobalSection(SolutionProperties) = preSolution
		HideSolutionNode = FALSE
	EndGlobalSection
	GlobalSection(ExtensibilityGlobals) = postSolution
		SolutionGuid = {F42AE6F7-54F9-48E2-86C6-0FFC849A35A1}
	EndGlobalSection
EndGlobal
